
Microsoft Visual Studio Solution File, Format Version 11.00
# Visual Studio 2010
Project("{8BC9CEB8-8B4A-11D0-8D11-00A0C91BC942}") = "AVAnalysisTools", "AVAnalysisTools\AVAnalysisTools.vcxproj", "{512E4BDA-650D-451E-9491-4702A1FD7A07}"
EndProject
Global
	GlobalSection(SolutionConfigurationPlatforms) = preSolution
		Debug|Win32 = Debug|Win32
		Release|Win32 = Release|Win32
	EndGlobalSection
	GlobalSection(ProjectConfigurationPlatforms) = postSolution
		{512E4BDA-650D-451E-9491-4702A1FD7A07}.Debug|Win32.ActiveCfg = Debug|Win32
		{512E4BDA-650D-451E-9491-4702A1FD7A07}.Debug|Win32.Build.0 = Debug|Win32
		{512E4BDA-650D-451E-9491-4702A1FD7A07}.Release|Win32.ActiveCfg = Release|Win32
		{512E4BDA-650D-451E-9491-4702A1FD7A07}.Release|Win32.Build.0 = Release|Win32
	EndGlobalSection
	GlobalSection(SolutionProperties) = preSolution
		HideSolutionNode = FALSE
	EndGlobalSection
EndGlobal
